# This file is automatically @generated by Cargo.
# It is not intended for manual editing.
version = 4

[[package]]
name = "fonttool-bytes"
version = "0.1.0"

[[package]]
name = "fonttool-cff"
version = "0.1.0"

[[package]]
name = "fonttool-cli"
version = "0.1.0"

[[package]]
name = "fonttool-eot"
version = "0.1.0"

[[package]]
name = "fonttool-glyf"
version = "0.1.0"

[[package]]
name = "fonttool-harfbuzz"
version = "0.1.0"

[[package]]
name = "fonttool-mtx"
version = "0.1.0"

[[package]]
name = "fonttool-runtime"
version = "0.1.0"

[[package]]
name = "fonttool-sfnt"
version = "0.1.0"
dependencies = [
 "fonttool-bytes",
]

[[package]]
name = "fonttool-subset"
version = "0.1.0"

[[package]]
name = "fonttool-wasm"
version = "0.1.0"
